
Microsoft Visual Studio Solution File, Format Version 10.00
# Visual Studio 2008
Project("{FAE04EC0-301F-11D3-BF4B-00C04F79EFBC}") = "WebRadControls", "WebRadControls\WebRadControls.csproj", "{0449AE13-0168-4FA7-8C4A-FF3C67925DAD}"
EndProject
Global
	GlobalSection(SolutionConfigurationPlatforms) = preSolution
		Debug|Any CPU = Debug|Any CPU
		Release|Any CPU = Release|Any CPU
	EndGlobalSection
	GlobalSection(ProjectConfigurationPlatforms) = postSolution
		{0449AE13-0168-4FA7-8C4A-FF3C67925DAD}.Debug|Any CPU.ActiveCfg = Debug|Any CPU
		{0449AE13-0168-4FA7-8C4A-FF3C67925DAD}.Debug|Any CPU.Build.0 = Debug|Any CPU
		{0449AE13-0168-4FA7-8C4A-FF3C67925DAD}.Release|Any CPU.ActiveCfg = Release|Any CPU
		{0449AE13-0168-4FA7-8C4A-FF3C67925DAD}.Release|Any CPU.Build.0 = Release|Any CPU
	EndGlobalSection
	GlobalSection(SolutionProperties) = preSolution
		HideSolutionNode = FALSE
	EndGlobalSection
EndGlobal
