
Microsoft Visual Studio Solution File, Format Version 10.00
# Visual Studio 2008
Project("{FAE04EC0-301F-11D3-BF4B-00C04F79EFBC}") = "ALFiles", "ALFiles.csproj", "{AD5A57A3-3DC1-4852-B8B0-C1BA12A2332A}"
EndProject
Project("{FAE04EC0-301F-11D3-BF4B-00C04F79EFBC}") = "GroupFileList", "..\GroupFileList\GroupFileList.csproj", "{AEC6B076-38EA-48FF-90DF-68A27C3A7E5A}"
EndProject
Global
	GlobalSection(SolutionConfigurationPlatforms) = preSolution
		Debug|Any CPU = Debug|Any CPU
		Release|Any CPU = Release|Any CPU
	EndGlobalSection
	GlobalSection(ProjectConfigurationPlatforms) = postSolution
		{AD5A57A3-3DC1-4852-B8B0-C1BA12A2332A}.Debug|Any CPU.ActiveCfg = Release|Any CPU
		{AD5A57A3-3DC1-4852-B8B0-C1BA12A2332A}.Debug|Any CPU.Build.0 = Release|Any CPU
		{AD5A57A3-3DC1-4852-B8B0-C1BA12A2332A}.Release|Any CPU.ActiveCfg = Release|Any CPU
		{AD5A57A3-3DC1-4852-B8B0-C1BA12A2332A}.Release|Any CPU.Build.0 = Release|Any CPU
		{AEC6B076-38EA-48FF-90DF-68A27C3A7E5A}.Debug|Any CPU.ActiveCfg = Release|Any CPU
		{AEC6B076-38EA-48FF-90DF-68A27C3A7E5A}.Debug|Any CPU.Build.0 = Release|Any CPU
		{AEC6B076-38EA-48FF-90DF-68A27C3A7E5A}.Release|Any CPU.ActiveCfg = Release|Any CPU
		{AEC6B076-38EA-48FF-90DF-68A27C3A7E5A}.Release|Any CPU.Build.0 = Release|Any CPU
	EndGlobalSection
	GlobalSection(SolutionProperties) = preSolution
		HideSolutionNode = FALSE
	EndGlobalSection
EndGlobal
